
Microsoft Visual Studio Solution File, Format Version 12.00
# Visual Studio Version 16
VisualStudioVersion = 16.0.32630.194
MinimumVisualStudioVersion = 10.0.40219.1
Project("{FAE04EC0-301F-11D3-BF4B-00C04F79EFBC}") = "Windows Google Lens", "Windows Google Lens.csproj", "{EDA8DF9D-1D79-442E-A4ED-B75D21F44060}"
EndProject
Global
	GlobalSection(SolutionConfigurationPlatforms) = preSolution
		Debug|Any CPU = Debug|Any CPU
		Release|Any CPU = Release|Any CPU
	EndGlobalSection
	GlobalSection(ProjectConfigurationPlatforms) = postSolution
		{EDA8DF9D-1D79-442E-A4ED-B75D21F44060}.Debug|Any CPU.ActiveCfg = Debug|Any CPU
		{EDA8DF9D-1D79-442E-A4ED-B75D21F44060}.Debug|Any CPU.Build.0 = Debug|Any CPU
		{EDA8DF9D-1D79-442E-A4ED-B75D21F44060}.Release|Any CPU.ActiveCfg = Release|Any CPU
		{EDA8DF9D-1D79-442E-A4ED-B75D21F44060}.Release|Any CPU.Build.0 = Release|Any CPU
	EndGlobalSection
	GlobalSection(SolutionProperties) = preSolution
		HideSolutionNode = FALSE
	EndGlobalSection
	GlobalSection(ExtensibilityGlobals) = postSolution
		SolutionGuid = {409481A8-5DF9-486B-8C49-8D0D51D44547}
	EndGlobalSection
EndGlobal
